
Microsoft Visual Studio Solution File, Format Version 12.00
# Visual Studio 2015
Project("{FAE04EC0-301F-11D3-BF4B-00C04F79EFBC}") = "VFXEditor.CSharp", "VFXEditor.CSharp.csproj", "{B6352A2A-B19A-66FD-9FE7-1A4908EA5619}"
EndProject
Project("{FAE04EC0-301F-11D3-BF4B-00C04F79EFBC}") = "VFXEditor.CSharp.Editor", "VFXEditor.CSharp.Editor.csproj", "{7BB25F5E-5788-5921-6F34-79296A1FE3E6}"
EndProject
Global
	GlobalSection(SolutionConfigurationPlatforms) = preSolution
		Debug|Any CPU = Debug|Any CPU
		Release|Any CPU = Release|Any CPU
	EndGlobalSection
	GlobalSection(ProjectConfigurationPlatforms) = postSolution
		{B6352A2A-B19A-66FD-9FE7-1A4908EA5619}.Debug|Any CPU.ActiveCfg = Debug|Any CPU
		{B6352A2A-B19A-66FD-9FE7-1A4908EA5619}.Debug|Any CPU.Build.0 = Debug|Any CPU
		{B6352A2A-B19A-66FD-9FE7-1A4908EA5619}.Release|Any CPU.ActiveCfg = Release|Any CPU
		{B6352A2A-B19A-66FD-9FE7-1A4908EA5619}.Release|Any CPU.Build.0 = Release|Any CPU
		{7BB25F5E-5788-5921-6F34-79296A1FE3E6}.Debug|Any CPU.ActiveCfg = Debug|Any CPU
		{7BB25F5E-5788-5921-6F34-79296A1FE3E6}.Debug|Any CPU.Build.0 = Debug|Any CPU
		{7BB25F5E-5788-5921-6F34-79296A1FE3E6}.Release|Any CPU.ActiveCfg = Release|Any CPU
		{7BB25F5E-5788-5921-6F34-79296A1FE3E6}.Release|Any CPU.Build.0 = Release|Any CPU
	EndGlobalSection
	GlobalSection(SolutionProperties) = preSolution
		HideSolutionNode = FALSE
	EndGlobalSection
EndGlobal
