Microsoft Visual Studio Solution File, Format Version 11.00
# Visual Studio 2008

Project("{CCC9A0AC-CDCF-735A-BCD2-271392548659}") = "VFXEditor", "Assembly-CSharp.csproj", "{61BE8991-F844-CE35-AC7A-11E5729F1C75}"
EndProject
Project("{CCC9A0AC-CDCF-735A-BCD2-271392548659}") = "VFXEditor", "Assembly-CSharp-Editor.csproj", "{B0BB8827-0FBC-2A16-1218-D45AB793ABC3}"
EndProject
Global
	GlobalSection(SolutionConfigurationPlatforms) = preSolution
		Debug|Any CPU = Debug|Any CPU
		Release|Any CPU = Release|Any CPU
	EndGlobalSection
	GlobalSection(ProjectConfigurationPlatforms) = postSolution
		{61BE8991-F844-CE35-AC7A-11E5729F1C75}.Debug|Any CPU.ActiveCfg = Debug|Any CPU
		{61BE8991-F844-CE35-AC7A-11E5729F1C75}.Debug|Any CPU.Build.0 = Debug|Any CPU
		{61BE8991-F844-CE35-AC7A-11E5729F1C75}.Release|Any CPU.ActiveCfg = Release|Any CPU
		{61BE8991-F844-CE35-AC7A-11E5729F1C75}.Release|Any CPU.Build.0 = Release|Any CPU
		{B0BB8827-0FBC-2A16-1218-D45AB793ABC3}.Debug|Any CPU.ActiveCfg = Debug|Any CPU
		{B0BB8827-0FBC-2A16-1218-D45AB793ABC3}.Debug|Any CPU.Build.0 = Debug|Any CPU
		{B0BB8827-0FBC-2A16-1218-D45AB793ABC3}.Release|Any CPU.ActiveCfg = Release|Any CPU
		{B0BB8827-0FBC-2A16-1218-D45AB793ABC3}.Release|Any CPU.Build.0 = Release|Any CPU
	EndGlobalSection
	GlobalSection(SolutionProperties) = preSolution
		HideSolutionNode = FALSE
	EndGlobalSection
	GlobalSection(MonoDevelopProperties) = preSolution
		StartupItem = Assembly-CSharp.csproj
	EndGlobalSection
EndGlobal
